
Microsoft Visual Studio Solution File, Format Version 11.00
# Visual Studio 2010
Project("{2150E333-8FDC-42A3-9474-1A3956D46DE8}") = "Solution Items", "Solution Items", "{5E401087-8101-48C6-9281-78A78CCB7983}"
	ProjectSection(SolutionItems) = preProject
		Local.testsettings = Local.testsettings
		Números Por Extenso.vsmdi = Números Por Extenso.vsmdi
		TraceAndTestImpact.testsettings = TraceAndTestImpact.testsettings
	EndProjectSection
EndProject
Project("{FAE04EC0-301F-11D3-BF4B-00C04F79EFBC}") = "NumerosPorExtenso", "NumerosPorExtenso\NumerosPorExtenso.csproj", "{41BBE097-72BA-4544-AB4F-557245931CEF}"
EndProject
Global
	GlobalSection(TestCaseManagementSettings) = postSolution
		CategoryFile = Números Por Extenso.vsmdi
	EndGlobalSection
	GlobalSection(SolutionConfigurationPlatforms) = preSolution
		Debug|Any CPU = Debug|Any CPU
		Release|Any CPU = Release|Any CPU
	EndGlobalSection
	GlobalSection(ProjectConfigurationPlatforms) = postSolution
		{41BBE097-72BA-4544-AB4F-557245931CEF}.Debug|Any CPU.ActiveCfg = Debug|Any CPU
		{41BBE097-72BA-4544-AB4F-557245931CEF}.Debug|Any CPU.Build.0 = Debug|Any CPU
		{41BBE097-72BA-4544-AB4F-557245931CEF}.Release|Any CPU.ActiveCfg = Release|Any CPU
		{41BBE097-72BA-4544-AB4F-557245931CEF}.Release|Any CPU.Build.0 = Release|Any CPU
	EndGlobalSection
	GlobalSection(SolutionProperties) = preSolution
		HideSolutionNode = FALSE
	EndGlobalSection
EndGlobal
